<?xml version="1.0" encoding="utf-8"?>
<Project ToolsVersion="4.0" xmlns="http://schemas.microsoft.com/developer/msbuild/2003">
  <ItemGroup>
    <Filter Include="Library">
      <UniqueIdentifier>{07495148-17b3-410d-a6da-18dbe435fc27}</UniqueIdentifier>
    </Filter>
    <Filter Include="Adapters">
      <UniqueIdentifier>{911403d7-a1d5-433c-a292-4d17964c7b26}</UniqueIdentifier>
    </Filter>
    <Filter Include="Test">
      <UniqueIdentifier>{626b5672-4e6d-4bf5-8204-9ccf790c3c17}</UniqueIdentifier>
    </Filter>
  </ItemGroup>
  <ItemGroup>
    <ClInclude Include="Library.h">
      <Filter>Library</Filter>
    </ClInclude>
    <ClInclude Include="Config.h">
      <Filter>Library</Filter>
    </ClInclude>
  </ItemGroup>
  <ItemGroup>
    <ClCompile Include="Test_Sensor.cpp">
      <Filter>Test</Filter>
    </ClCompile>
  </ItemGroup>
</Project>